
Microsoft Visual Studio Solution File, Format Version 12.00
# Visual Studio Version 16
VisualStudioVersion = 16.0.33130.400
MinimumVisualStudioVersion = 10.0.40219.1
Project("{FAE04EC0-301F-11D3-BF4B-00C04F79EFBC}") = "Lab-3(Wpf)", "Lab-3(Wpf)\Lab-3(Wpf).csproj", "{5BB2C2C5-B5BD-4016-AF38-5795A384020F}"
EndProject
Project("{FAE04EC0-301F-11D3-BF4B-00C04F79EFBC}") = "CM-5.2", "CM-5.2\CM-5.2.csproj", "{AF5A7205-9A67-4DEE-BA03-F69746461526}"
EndProject
Global
	GlobalSection(SolutionConfigurationPlatforms) = preSolution
		Debug|Any CPU = Debug|Any CPU
		Release|Any CPU = Release|Any CPU
	EndGlobalSection
	GlobalSection(ProjectConfigurationPlatforms) = postSolution
		{5BB2C2C5-B5BD-4016-AF38-5795A384020F}.Debug|Any CPU.ActiveCfg = Debug|Any CPU
		{5BB2C2C5-B5BD-4016-AF38-5795A384020F}.Debug|Any CPU.Build.0 = Debug|Any CPU
		{5BB2C2C5-B5BD-4016-AF38-5795A384020F}.Release|Any CPU.ActiveCfg = Release|Any CPU
		{5BB2C2C5-B5BD-4016-AF38-5795A384020F}.Release|Any CPU.Build.0 = Release|Any CPU
		{AF5A7205-9A67-4DEE-BA03-F69746461526}.Debug|Any CPU.ActiveCfg = Debug|Any CPU
		{AF5A7205-9A67-4DEE-BA03-F69746461526}.Debug|Any CPU.Build.0 = Debug|Any CPU
		{AF5A7205-9A67-4DEE-BA03-F69746461526}.Release|Any CPU.ActiveCfg = Release|Any CPU
		{AF5A7205-9A67-4DEE-BA03-F69746461526}.Release|Any CPU.Build.0 = Release|Any CPU
	EndGlobalSection
	GlobalSection(SolutionProperties) = preSolution
		HideSolutionNode = FALSE
	EndGlobalSection
	GlobalSection(ExtensibilityGlobals) = postSolution
		SolutionGuid = {07E5FBCD-24BE-49A1-8098-7133A19C62A3}
	EndGlobalSection
EndGlobal
